
Microsoft Visual Studio Solution File, Format Version 12.00
# Visual Studio Version 17
VisualStudioVersion = 17.13.35825.156 d17.13
MinimumVisualStudioVersion = 10.0.40219.1
Project("{FAE04EC0-301F-11D3-BF4B-00C04F79EFBC}") = "ContactList", "WindowsFormsApp1\ContactList.csproj", "{8BDE491D-E0C0-4F05-80CB-9D44EC524209}"
EndProject
Global
	GlobalSection(SolutionConfigurationPlatforms) = preSolution
		Debug|Any CPU = Debug|Any CPU
		Release|Any CPU = Release|Any CPU
	EndGlobalSection
	GlobalSection(ProjectConfigurationPlatforms) = postSolution
		{8BDE491D-E0C0-4F05-80CB-9D44EC524209}.Debug|Any CPU.ActiveCfg = Debug|Any CPU
		{8BDE491D-E0C0-4F05-80CB-9D44EC524209}.Debug|Any CPU.Build.0 = Debug|Any CPU
		{8BDE491D-E0C0-4F05-80CB-9D44EC524209}.Release|Any CPU.ActiveCfg = Release|Any CPU
		{8BDE491D-E0C0-4F05-80CB-9D44EC524209}.Release|Any CPU.Build.0 = Release|Any CPU
	EndGlobalSection
	GlobalSection(SolutionProperties) = preSolution
		HideSolutionNode = FALSE
	EndGlobalSection
	GlobalSection(ExtensibilityGlobals) = postSolution
		SolutionGuid = {0F2C5A25-9023-44EB-9E5C-132376958D41}
	EndGlobalSection
EndGlobal
